
Microsoft Visual Studio Solution File, Format Version 12.00
# Visual Studio Version 17
VisualStudioVersion = 17.5.33414.496
MinimumVisualStudioVersion = 10.0.40219.1
Project("{FAE04EC0-301F-11D3-BF4B-00C04F79EFBC}") = "FluffyFighters", "FluffyFighters.csproj", "{BE3DF6AD-C7E6-480D-A877-D0AA17C7231E}"
EndProject
Global
	GlobalSection(SolutionConfigurationPlatforms) = preSolution
		Debug|Any CPU = Debug|Any CPU
		Release|Any CPU = Release|Any CPU
	EndGlobalSection
	GlobalSection(ProjectConfigurationPlatforms) = postSolution
		{BE3DF6AD-C7E6-480D-A877-D0AA17C7231E}.Debug|Any CPU.ActiveCfg = Debug|Any CPU
		{BE3DF6AD-C7E6-480D-A877-D0AA17C7231E}.Debug|Any CPU.Build.0 = Debug|Any CPU
		{BE3DF6AD-C7E6-480D-A877-D0AA17C7231E}.Release|Any CPU.ActiveCfg = Release|Any CPU
		{BE3DF6AD-C7E6-480D-A877-D0AA17C7231E}.Release|Any CPU.Build.0 = Release|Any CPU
	EndGlobalSection
	GlobalSection(SolutionProperties) = preSolution
		HideSolutionNode = FALSE
	EndGlobalSection
	GlobalSection(ExtensibilityGlobals) = postSolution
		SolutionGuid = {2DB00CF8-38EE-427A-8D1B-B052CD4E58EF}
	EndGlobalSection
EndGlobal
